{
  "version": "2.8.4",
  "url_template": "https://github.com/caddyserver/caddy/releases/download/v{version}/caddy_{version}_{release_platform}{ext}",
  "platforms": {
    "linux-amd64": {
      "release_platform": "linux_amd64",
      "ext": ".tar.gz",
      "sha256": "a7e8306c54138cf88e371c5ec0caf7baf142ecc1d60a30897dfb67d65d3748c8"
    },
    "linux-arm64": {
      "release_platform": "linux_arm64",
      "ext": ".tar.gz",
      "sha256": "93a3eb31883d678c6590c6d823eb6bb9f7a3af66dcd9d53df3eb2c7528b2af05"
    },
    "darwin-amd64": {
      "release_platform": "mac_amd64",
      "ext": ".tar.gz",
      "sha256": "d566885bfed36198f980fdefa63aabdb18f1e3264a0e3121ad9f028de851f311"
    },
    "darwin-arm64": {
      "release_platform": "mac_arm64",
      "ext": ".tar.gz",
      "sha256": "8445900771cb8455d1dee729486d692c6a60519bb682322270b32d1d602d37dc"
    },
    "windows-amd64": {
      "release_platform": "windows_amd64",
      "ext": ".zip",
      "sha256": "2631fbe1c4f6fb08783ed6dc6ac238d6655b4c923abe2bce1433dbd7fd079630"
    }
  }
}
